// !$*UTF8*$!
{
	archiveVersion = 1;
	classes = {
	};
	objectVersion = 77;
	objects = {

/* Begin PBXContainerItemProxy section */
		203AA8322D6BD7BD00402C7E /* PBXContainerItemProxy */ = {
			isa = PBXContainerItemProxy;
			containerPortal = 203AA8152D6BD7BC00402C7E /* Project object */;
			proxyType = 1;
			remoteGlobalIDString = 203AA81C2D6BD7BC00402C7E;
			remoteInfo = orgaifinanceapp;
		};
		203AA83C2D6BD7BD00402C7E /* PBXContainerItemProxy */ = {
			isa = PBXContainerItemProxy;
			containerPortal = 203AA8152D6BD7BC00402C7E /* Project object */;
			proxyType = 1;
			remoteGlobalIDString = 203AA81C2D6BD7BC00402C7E;
			remoteInfo = orgaifinanceapp;
		};
/* End PBXContainerItemProxy section */

/* Begin PBXFileReference section */
		203AA81D2D6BD7BC00402C7E /* orgaifinanceapp.app */ = {isa = PBXFileReference; explicitFileType = wrapper.application; includeInIndex = 0; path = orgaifinanceapp.app; sourceTree = BUILT_PRODUCTS_DIR; };
		203AA8312D6BD7BD00402C7E /* orgaifinanceappTests.xctest */ = {isa = PBXFileReference; explicitFileType = wrapper.cfbundle; includeInIndex = 0; path = orgaifinanceappTests.xctest; sourceTree = BUILT_PRODUCTS_DIR; };
		203AA83B2D6BD7BD00402C7E /* orgaifinanceappUITests.xctest */ = {isa = PBXFileReference; explicitFileType = wrapper.cfbundle; includeInIndex = 0; path = orgaifinanceappUITests.xctest; sourceTree = BUILT_PRODUCTS_DIR; };
/* End PBXFileReference section */

/* Begin PBXFileSystemSynchronizedBuildFileExceptionSet section */
		203AA8432D6BD7BD00402C7E /* Exceptions for "orgaifinanceapp" folder in "orgaifinanceapp" target */ = {
			isa = PBXFileSystemSynchronizedBuildFileExceptionSet;
			membershipExceptions = (
				Info.plist,
			);
			target = 203AA81C2D6BD7BC00402C7E /* orgaifinanceapp */;
		};
/* End PBXFileSystemSynchronizedBuildFileExceptionSet section */

/* Begin PBXFileSystemSynchronizedRootGroup section */
		203AA81F2D6BD7BC00402C7E /* orgaifinanceapp */ = {
			isa = PBXFileSystemSynchronizedRootGroup;
			exceptions = (
				203AA8432D6BD7BD00402C7E /* Exceptions for "orgaifinanceapp" folder in "orgaifinanceapp" target */,
			);
			path = orgaifinanceapp;
			sourceTree = "<group>";
		};
		203AA8342D6BD7BD00402C7E /* orgaifinanceappTests */ = {
			isa = PBXFileSystemSynchronizedRootGroup;
			path = orgaifinanceappTests;
			sourceTree = "<group>";
		};
		203AA83E2D6BD7BD00402C7E /* orgaifinanceappUITests */ = {
			isa = PBXFileSystemSynchronizedRootGroup;
			path = orgaifinanceappUITests;
			sourceTree = "<group>";
		};
/* End PBXFileSystemSynchronizedRootGroup section */

/* Begin PBXFrameworksBuildPhase section */
		203AA81A2D6BD7BC00402C7E /* Frameworks */ = {
			isa = PBXFrameworksBuildPhase;
			buildActionMask = 2147483647;
			files = (
			);
			runOnlyForDeploymentPostprocessing = 0;
		};
		203AA82E2D6BD7BD00402C7E /* Frameworks */ = {
			isa = PBXFrameworksBuildPhase;
			buildActionMask = 2147483647;
			files = (
			);
			runOnlyForDeploymentPostprocessing = 0;
		};
		203AA8382D6BD7BD00402C7E /* Frameworks */ = {
			isa = PBXFrameworksBuildPhase;
			buildActionMask = 2147483647;
			files = (
			);
			runOnlyForDeploymentPostprocessing = 0;
		};
/* End PBXFrameworksBuildPhase section */

/* Begin PBXGroup section */
		203AA8142D6BD7BC00402C7E = {
			isa = PBXGroup;
			children = (
				203AA81F2D6BD7BC00402C7E /* orgaifinanceapp */,
				203AA8342D6BD7BD00402C7E /* orgaifinanceappTests */,
				203AA83E2D6BD7BD00402C7E /* orgaifinanceappUITests */,
				203AA81E2D6BD7BC00402C7E /* Products */,
			);
			sourceTree = "<group>";
		};
		203AA81E2D6BD7BC00402C7E /* Products */ = {
			isa = PBXGroup;
			children = (
				203AA81D2D6BD7BC00402C7E /* orgaifinanceapp.app */,
				203AA8312D6BD7BD00402C7E /* orgaifinanceappTests.xctest */,
				203AA83B2D6BD7BD00402C7E /* orgaifinanceappUITests.xctest */,
			);
			name = Products;
			sourceTree = "<group>";
		};
/* End PBXGroup section */

/* Begin PBXNativeTarget section */
		203AA81C2D6BD7BC00402C7E /* orgaifinanceapp */ = {
			isa = PBXNativeTarget;
			buildConfigurationList = 203AA8442D6BD7BD00402C7E /* Build configuration list for PBXNativeTarget "orgaifinanceapp" */;
			buildPhases = (
				203AA8192D6BD7BC00402C7E /* Sources */,
				203AA81A2D6BD7BC00402C7E /* Frameworks */,
				203AA81B2D6BD7BC00402C7E /* Resources */,
			);
			buildRules = (
			);
			dependencies = (
			);
			fileSystemSynchronizedGroups = (
				203AA81F2D6BD7BC00402C7E /* orgaifinanceapp */,
			);
			name = orgaifinanceapp;
			packageProductDependencies = (
			);
			productName = orgaifinanceapp;
			productReference = 203AA81D2D6BD7BC00402C7E /* orgaifinanceapp.app */;
			productType = "com.apple.product-type.application";
		};
		203AA8302D6BD7BD00402C7E /* orgaifinanceappTests */ = {
			isa = PBXNativeTarget;
			buildConfigurationList = 203AA8492D6BD7BD00402C7E /* Build configuration list for PBXNativeTarget "orgaifinanceappTests" */;
			buildPhases = (
				203AA82D2D6BD7BD00402C7E /* Sources */,
				203AA82E2D6BD7BD00402C7E /* Frameworks */,
				203AA82F2D6BD7BD00402C7E /* Resources */,
			);
			buildRules = (
			);
			dependencies = (
				203AA8332D6BD7BD00402C7E /* PBXTargetDependency */,
			);
			fileSystemSynchronizedGroups = (
				203AA8342D6BD7BD00402C7E /* orgaifinanceappTests */,
			);
			name = orgaifinanceappTests;
			packageProductDependencies = (
			);
			productName = orgaifinanceappTests;
			productReference = 203AA8312D6BD7BD00402C7E /* orgaifinanceappTests.xctest */;
			productType = "com.apple.product-type.bundle.unit-test";
		};
		203AA83A2D6BD7BD00402C7E /* orgaifinanceappUITests */ = {
			isa = PBXNativeTarget;
			buildConfigurationList = 203AA84C2D6BD7BD00402C7E /* Build configuration list for PBXNativeTarget "orgaifinanceappUITests" */;
			buildPhases = (
				203AA8372D6BD7BD00402C7E /* Sources */,
				203AA8382D6BD7BD00402C7E /* Frameworks */,
				203AA8392D6BD7BD00402C7E /* Resources */,
			);
			buildRules = (
			);
			dependencies = (
				203AA83D2D6BD7BD00402C7E /* PBXTargetDependency */,
			);
			fileSystemSynchronizedGroups = (
				203AA83E2D6BD7BD00402C7E /* orgaifinanceappUITests */,
			);
			name = orgaifinanceappUITests;
			packageProductDependencies = (
			);
			productName = orgaifinanceappUITests;
			productReference = 203AA83B2D6BD7BD00402C7E /* orgaifinanceappUITests.xctest */;
			productType = "com.apple.product-type.bundle.ui-testing";
		};
/* End PBXNativeTarget section */

/* Begin PBXProject section */
		203AA8152D6BD7BC00402C7E /* Project object */ = {
			isa = PBXProject;
			attributes = {
				BuildIndependentTargetsInParallel = 1;
				LastSwiftUpdateCheck = 1620;
				LastUpgradeCheck = 1620;
				TargetAttributes = {
					203AA81C2D6BD7BC00402C7E = {
						CreatedOnToolsVersion = 16.2;
					};
					203AA8302D6BD7BD00402C7E = {
						CreatedOnToolsVersion = 16.2;
						TestTargetID = 203AA81C2D6BD7BC00402C7E;
					};
					203AA83A2D6BD7BD00402C7E = {
						CreatedOnToolsVersion = 16.2;
						TestTargetID = 203AA81C2D6BD7BC00402C7E;
					};
				};
			};
			buildConfigurationList = 203AA8182D6BD7BC00402C7E /* Build configuration list for PBXProject "orgaifinanceapp" */;
			developmentRegion = en;
			hasScannedForEncodings = 0;
			knownRegions = (
				en,
				Base,
			);
			mainGroup = 203AA8142D6BD7BC00402C7E;
			minimizedProjectReferenceProxies = 1;
			preferredProjectObjectVersion = 77;
			productRefGroup = 203AA81E2D6BD7BC00402C7E /* Products */;
			projectDirPath = "";
			projectRoot = "";
			targets = (
				203AA81C2D6BD7BC00402C7E /* orgaifinanceapp */,
				203AA8302D6BD7BD00402C7E /* orgaifinanceappTests */,
				203AA83A2D6BD7BD00402C7E /* orgaifinanceappUITests */,
			);
		};
/* End PBXProject section */

/* Begin PBXResourcesBuildPhase section */
		203AA81B2D6BD7BC00402C7E /* Resources */ = {
			isa = PBXResourcesBuildPhase;
			buildActionMask = 2147483647;
			files = (
			);
			runOnlyForDeploymentPostprocessing = 0;
		};
		203AA82F2D6BD7BD00402C7E /* Resources */ = {
			isa = PBXResourcesBuildPhase;
			buildActionMask = 2147483647;
			files = (
			);
			runOnlyForDeploymentPostprocessing = 0;
		};
		203AA8392D6BD7BD00402C7E /* Resources */ = {
			isa = PBXResourcesBuildPhase;
			buildActionMask = 2147483647;
			files = (
			);
			runOnlyForDeploymentPostprocessing = 0;
		};
/* End PBXResourcesBuildPhase section */

/* Begin PBXSourcesBuildPhase section */
		203AA8192D6BD7BC00402C7E /* Sources */ = {
			isa = PBXSourcesBuildPhase;
			buildActionMask = 2147483647;
			files = (
			);
			runOnlyForDeploymentPostprocessing = 0;
		};
		203AA82D2D6BD7BD00402C7E /* Sources */ = {
			isa = PBXSourcesBuildPhase;
			buildActionMask = 2147483647;
			files = (
			);
			runOnlyForDeploymentPostprocessing = 0;
		};
		203AA8372D6BD7BD00402C7E /* Sources */ = {
			isa = PBXSourcesBuildPhase;
			buildActionMask = 2147483647;
			files = (
			);
			runOnlyForDeploymentPostprocessing = 0;
		};
/* End PBXSourcesBuildPhase section */

/* Begin PBXTargetDependency section */
		203AA8332D6BD7BD00402C7E /* PBXTargetDependency */ = {
			isa = PBXTargetDependency;
			target = 203AA81C2D6BD7BC00402C7E /* orgaifinanceapp */;
			targetProxy = 203AA8322D6BD7BD00402C7E /* PBXContainerItemProxy */;
		};
		203AA83D2D6BD7BD00402C7E /* PBXTargetDependency */ = {
			isa = PBXTargetDependency;
			target = 203AA81C2D6BD7BC00402C7E /* orgaifinanceapp */;
			targetProxy = 203AA83C2D6BD7BD00402C7E /* PBXContainerItemProxy */;
		};
/* End PBXTargetDependency section */

/* Begin XCBuildConfiguration section */
		203AA8452D6BD7BD00402C7E /* Debug */ = {
			isa = XCBuildConfiguration;
			buildSettings = {
				ASSETCATALOG_COMPILER_APPICON_NAME = AppIcon;
				ASSETCATALOG_COMPILER_GLOBAL_ACCENT_COLOR_NAME = AccentColor;
				CODE_SIGN_ENTITLEMENTS = orgaifinanceapp/orgaifinanceapp.entitlements;
				CODE_SIGN_STYLE = Automatic;
				CURRENT_PROJECT_VERSION = 1;
				DEVELOPMENT_ASSET_PATHS = "\"orgaifinanceapp/Preview Content\"";
				DEVELOPMENT_TEAM = 25SYWY773L;
				ENABLE_PREVIEWS = YES;
				GENERATE_INFOPLIST_FILE = YES;
				INFOPLIST_FILE = orgaifinanceapp/Info.plist;
				INFOPLIST_KEY_CFBundleDisplayName = "Orgai Finance";
				INFOPLIST_KEY_UIApplicationSceneManifest_Generation = YES;
				INFOPLIST_KEY_UIApplicationSupportsIndirectInputEvents = YES;
				INFOPLIST_KEY_UILaunchScreen_Generation = YES;
				INFOPLIST_KEY_UISupportedInterfaceOrientations_iPad = "UIInterfaceOrientationPortrait UIInterfaceOrientationPortraitUpsideDown UIInterfaceOrientationLandscapeLeft UIInterfaceOrientationLandscapeRight";
				INFOPLIST_KEY_UISupportedInterfaceOrientations_iPhone = "UIInterfaceOrientationPortrait UIInterfaceOrientationLandscapeLeft UIInterfaceOrientationLandscapeRight";
				IPHONEOS_DEPLOYMENT_TARGET = 17.6;
				LD_RUNPATH_SEARCH_PATHS = (
					"$(inherited)",
					"@executable_path/Frameworks",
				);
				MARKETING_VERSION = 1.0;
				PRODUCT_BUNDLE_IDENTIFIER = com.fizariaz.orgaifinanceapp;
				PRODUCT_NAME = "$(TARGET_NAME)";
				SWIFT_EMIT_LOC_STRINGS = YES;
				SWIFT_VERSION = 5.0;
				TARGETED_DEVICE_FAMILY = "1,2";
			};
			name = Debug;
		};
		203AA8462D6BD7BD00402C7E /* Release */ = {
			isa = XCBuildConfiguration;
			buildSettings = {
				ASSETCATALOG_COMPILER_APPICON_NAME = AppIcon;
				ASSETCATALOG_COMPILER_GLOBAL_ACCENT_COLOR_NAME = AccentColor;
				CODE_SIGN_ENTITLEMENTS = orgaifinanceapp/orgaifinanceapp.entitlements;
				CODE_SIGN_STYLE = Automatic;
				CURRENT_PROJECT_VERSION = 1;
				DEVELOPMENT_ASSET_PATHS = "\"orgaifinanceapp/Preview Content\"";
				DEVELOPMENT_TEAM = 25SYWY773L;
				ENABLE_PREVIEWS = YES;
				GENERATE_INFOPLIST_FILE = YES;
				INFOPLIST_FILE = orgaifinanceapp/Info.plist;
				INFOPLIST_KEY_CFBundleDisplayName = "Orgai Finance";
				INFOPLIST_KEY_UIApplicationSceneManifest_Generation = YES;
				INFOPLIST_KEY_UIApplicationSupportsIndirectInputEvents = YES;
				INFOPLIST_KEY_UILaunchScreen_Generation = YES;
				INFOPLIST_KEY_UISupportedInterfaceOrientations_iPad = "UIInterfaceOrientationPortrait UIInterfaceOrientationPortraitUpsideDown UIInterfaceOrientationLandscapeLeft UIInterfaceOrientationLandscapeRight";
				INFOPLIST_KEY_UISupportedInterfaceOrientations_iPhone = "UIInterfaceOrientationPortrait UIInterfaceOrientationLandscapeLeft UIInterfaceOrientationLandscapeRight";
				IPHONEOS_DEPLOYMENT_TARGET = 17.6;
				LD_RUNPATH_SEARCH_PATHS = (
					"$(inherited)",
					"@executable_path/Frameworks",
				);
				MARKETING_VERSION = 1.0;
				PRODUCT_BUNDLE_IDENTIFIER = com.fizariaz.orgaifinanceapp;
				PRODUCT_NAME = "$(TARGET_NAME)";
				SWIFT_EMIT_LOC_STRINGS = YES;
				SWIFT_VERSION = 5.0;
				TARGETED_DEVICE_FAMILY = "1,2";
			};
			name = Release;
		};
		203AA8472D6BD7BD00402C7E /* Debug */ = {
			isa = XCBuildConfiguration;
			buildSettings = {
				ALWAYS_SEARCH_USER_PATHS = NO;
				ASSETCATALOG_COMPILER_GENERATE_SWIFT_ASSET_SYMBOL_EXTENSIONS = YES;
				CLANG_ANALYZER_NONNULL = YES;
				CLANG_ANALYZER_NUMBER_OBJECT_CONVERSION = YES_AGGRESSIVE;
				CLANG_CXX_LANGUAGE_STANDARD = "gnu++20";
				CLANG_ENABLE_MODULES = YES;
				CLANG_ENABLE_OBJC_ARC = YES;
				CLANG_ENABLE_OBJC_WEAK = YES;
				CLANG_WARN_BLOCK_CAPTURE_AUTORELEASING = YES;
				CLANG_WARN_BOOL_CONVERSION = YES;
				CLANG_WARN_COMMA = YES;
				CLANG_WARN_CONSTANT_CONVERSION = YES;
				CLANG_WARN_DEPRECATED_OBJC_IMPLEMENTATIONS = YES;
				CLANG_WARN_DIRECT_OBJC_ISA_USAGE = YES_ERROR;
				CLANG_WARN_DOCUMENTATION_COMMENTS = YES;
				CLANG_WARN_EMPTY_BODY = YES;
				CLANG_WARN_ENUM_CONVERSION = YES;
				CLANG_WARN_INFINITE_RECURSION = YES;
				CLANG_WARN_INT_CONVERSION = YES;
				CLANG_WARN_NON_LITERAL_NULL_CONVERSION = YES;
				CLANG_WARN_OBJC_IMPLICIT_RETAIN_SELF = YES;
				CLANG_WARN_OBJC_LITERAL_CONVERSION = YES;
				CLANG_WARN_OBJC_ROOT_CLASS = YES_ERROR;
				CLANG_WARN_QUOTED_INCLUDE_IN_FRAMEWORK_HEADER = YES;
				CLANG_WARN_RANGE_LOOP_ANALYSIS = YES;
				CLANG_WARN_STRICT_PROTOTYPES = YES;
				CLANG_WARN_SUSPICIOUS_MOVE = YES;
				CLANG_WARN_UNGUARDED_AVAILABILITY = YES_AGGRESSIVE;
				CLANG_WARN_UNREACHABLE_CODE = YES;
				CLANG_WARN__DUPLICATE_METHOD_MATCH = YES;
				COPY_PHASE_STRIP = NO;
				DEBUG_INFORMATION_FORMAT = dwarf;
				ENABLE_STRICT_OBJC_MSGSEND = YES;
				ENABLE_TESTABILITY = YES;
				ENABLE_USER_SCRIPT_SANDBOXING = YES;
				GCC_C_LANGUAGE_STANDARD = gnu17;
				GCC_DYNAMIC_NO_PIC = NO;
				GCC_NO_COMMON_BLOCKS = YES;
				GCC_OPTIMIZATION_LEVEL = 0;
				GCC_PREPROCESSOR_DEFINITIONS = (
					"DEBUG=1",
					"$(inherited)",
				);
				GCC_WARN_64_TO_32_BIT_CONVERSION = YES;
				GCC_WARN_ABOUT_RETURN_TYPE = YES_ERROR;
				GCC_WARN_UNDECLARED_SELECTOR = YES;
				GCC_WARN_UNINITIALIZED_AUTOS = YES_AGGRESSIVE;
				GCC_WARN_UNUSED_FUNCTION = YES;
				GCC_WARN_UNUSED_VARIABLE = YES;
				IPHONEOS_DEPLOYMENT_TARGET = 18.2;
				LOCALIZATION_PREFERS_STRING_CATALOGS = YES;
				MTL_ENABLE_DEBUG_INFO = INCLUDE_SOURCE;
				MTL_FAST_MATH = YES;
				ONLY_ACTIVE_ARCH = YES;
				SDKROOT = iphoneos;
				SWIFT_ACTIVE_COMPILATION_CONDITIONS = "DEBUG $(inherited)";
				SWIFT_OPTIMIZATION_LEVEL = "-Onone";
			};
			name = Debug;
		};
		203AA8482D6BD7BD00402C7E /* Release */ = {
			isa = XCBuildConfiguration;
			buildSettings = {
				ALWAYS_SEARCH_USER_PATHS = NO;
				ASSETCATALOG_COMPILER_GENERATE_SWIFT_ASSET_SYMBOL_EXTENSIONS = YES;
				CLANG_ANALYZER_NONNULL = YES;
				CLANG_ANALYZER_NUMBER_OBJECT_CONVERSION = YES_AGGRESSIVE;
				CLANG_CXX_LANGUAGE_STANDARD = "gnu++20";
				CLANG_ENABLE_MODULES = YES;
				CLANG_ENABLE_OBJC_ARC = YES;
				CLANG_ENABLE_OBJC_WEAK = YES;
				CLANG_WARN_BLOCK_CAPTURE_AUTORELEASING = YES;
				CLANG_WARN_BOOL_CONVERSION = YES;
				CLANG_WARN_COMMA = YES;
				CLANG_WARN_CONSTANT_CONVERSION = YES;
				CLANG_WARN_DEPRECATED_OBJC_IMPLEMENTATIONS = YES;
				CLANG_WARN_DIRECT_OBJC_ISA_USAGE = YES_ERROR;
				CLANG_WARN_DOCUMENTATION_COMMENTS = YES;
				CLANG_WARN_EMPTY_BODY = YES;
				CLANG_WARN_ENUM_CONVERSION = YES;
				CLANG_WARN_INFINITE_RECURSION = YES;
				CLANG_WARN_INT_CONVERSION = YES;
				CLANG_WARN_NON_LITERAL_NULL_CONVERSION = YES;
				CLANG_WARN_OBJC_IMPLICIT_RETAIN_SELF = YES;
				CLANG_WARN_OBJC_LITERAL_CONVERSION = YES;
				CLANG_WARN_OBJC_ROOT_CLASS = YES_ERROR;
				CLANG_WARN_QUOTED_INCLUDE_IN_FRAMEWORK_HEADER = YES;
				CLANG_WARN_RANGE_LOOP_ANALYSIS = YES;
				CLANG_WARN_STRICT_PROTOTYPES = YES;
				CLANG_WARN_SUSPICIOUS_MOVE = YES;
				CLANG_WARN_UNGUARDED_AVAILABILITY = YES_AGGRESSIVE;
				CLANG_WARN_UNREACHABLE_CODE = YES;
				CLANG_WARN__DUPLICATE_METHOD_MATCH = YES;
				COPY_PHASE_STRIP = NO;
				DEBUG_INFORMATION_FORMAT = "dwarf-with-dsym";
				ENABLE_NS_ASSERTIONS = NO;
				ENABLE_STRICT_OBJC_MSGSEND = YES;
				ENABLE_USER_SCRIPT_SANDBOXING = YES;
				GCC_C_LANGUAGE_STANDARD = gnu17;
				GCC_NO_COMMON_BLOCKS = YES;
				GCC_WARN_64_TO_32_BIT_CONVERSION = YES;
				GCC_WARN_ABOUT_RETURN_TYPE = YES_ERROR;
				GCC_WARN_UNDECLARED_SELECTOR = YES;
				GCC_WARN_UNINITIALIZED_AUTOS = YES_AGGRESSIVE;
				GCC_WARN_UNUSED_FUNCTION = YES;
				GCC_WARN_UNUSED_VARIABLE = YES;
				IPHONEOS_DEPLOYMENT_TARGET = 18.2;
				LOCALIZATION_PREFERS_STRING_CATALOGS = YES;
				MTL_ENABLE_DEBUG_INFO = NO;
				MTL_FAST_MATH = YES;
				SDKROOT = iphoneos;
				SWIFT_COMPILATION_MODE = wholemodule;
				VALIDATE_PRODUCT = YES;
			};
			name = Release;
		};
		203AA84A2D6BD7BD00402C7E /* Debug */ = {
			isa = XCBuildConfiguration;
			buildSettings = {
				BUNDLE_LOADER = "$(TEST_HOST)";
				CODE_SIGN_STYLE = Automatic;
				CURRENT_PROJECT_VERSION = 1;
				DEVELOPMENT_TEAM = 25SYWY773L;
				GENERATE_INFOPLIST_FILE = YES;
				IPHONEOS_DEPLOYMENT_TARGET = 18.2;
				MARKETING_VERSION = 1.0;
				PRODUCT_BUNDLE_IDENTIFIER = shayanlatifllc.orgaifinanceappTests;
				PRODUCT_NAME = "$(TARGET_NAME)";
				SWIFT_EMIT_LOC_STRINGS = NO;
				SWIFT_VERSION = 5.0;
				TARGETED_DEVICE_FAMILY = "1,2";
				TEST_HOST = "$(BUILT_PRODUCTS_DIR)/orgaifinanceapp.app/$(BUNDLE_EXECUTABLE_FOLDER_PATH)/orgaifinanceapp";
			};
			name = Debug;
		};
		203AA84B2D6BD7BD00402C7E /* Release */ = {
			isa = XCBuildConfiguration;
			buildSettings = {
				BUNDLE_LOADER = "$(TEST_HOST)";
				CODE_SIGN_STYLE = Automatic;
				CURRENT_PROJECT_VERSION = 1;
				DEVELOPMENT_TEAM = 25SYWY773L;
				GENERATE_INFOPLIST_FILE = YES;
				IPHONEOS_DEPLOYMENT_TARGET = 18.2;
				MARKETING_VERSION = 1.0;
				PRODUCT_BUNDLE_IDENTIFIER = shayanlatifllc.orgaifinanceappTests;
				PRODUCT_NAME = "$(TARGET_NAME)";
				SWIFT_EMIT_LOC_STRINGS = NO;
				SWIFT_VERSION = 5.0;
				TARGETED_DEVICE_FAMILY = "1,2";
				TEST_HOST = "$(BUILT_PRODUCTS_DIR)/orgaifinanceapp.app/$(BUNDLE_EXECUTABLE_FOLDER_PATH)/orgaifinanceapp";
			};
			name = Release;
		};
		203AA84D2D6BD7BD00402C7E /* Debug */ = {
			isa = XCBuildConfiguration;
			buildSettings = {
				CODE_SIGN_STYLE = Automatic;
				CURRENT_PROJECT_VERSION = 1;
				DEVELOPMENT_TEAM = 25SYWY773L;
				GENERATE_INFOPLIST_FILE = YES;
				MARKETING_VERSION = 1.0;
				PRODUCT_BUNDLE_IDENTIFIER = shayanlatifllc.orgaifinanceappUITests;
				PRODUCT_NAME = "$(TARGET_NAME)";
				SWIFT_EMIT_LOC_STRINGS = NO;
				SWIFT_VERSION = 5.0;
				TARGETED_DEVICE_FAMILY = "1,2";
				TEST_TARGET_NAME = orgaifinanceapp;
			};
			name = Debug;
		};
		203AA84E2D6BD7BD00402C7E /* Release */ = {
			isa = XCBuildConfiguration;
			buildSettings = {
				CODE_SIGN_STYLE = Automatic;
				CURRENT_PROJECT_VERSION = 1;
				DEVELOPMENT_TEAM = 25SYWY773L;
				GENERATE_INFOPLIST_FILE = YES;
				MARKETING_VERSION = 1.0;
				PRODUCT_BUNDLE_IDENTIFIER = shayanlatifllc.orgaifinanceappUITests;
				PRODUCT_NAME = "$(TARGET_NAME)";
				SWIFT_EMIT_LOC_STRINGS = NO;
				SWIFT_VERSION = 5.0;
				TARGETED_DEVICE_FAMILY = "1,2";
				TEST_TARGET_NAME = orgaifinanceapp;
			};
			name = Release;
		};
/* End XCBuildConfiguration section */

/* Begin XCConfigurationList section */
		203AA8182D6BD7BC00402C7E /* Build configuration list for PBXProject "orgaifinanceapp" */ = {
			isa = XCConfigurationList;
			buildConfigurations = (
				203AA8472D6BD7BD00402C7E /* Debug */,
				203AA8482D6BD7BD00402C7E /* Release */,
			);
			defaultConfigurationIsVisible = 0;
			defaultConfigurationName = Release;
		};
		203AA8442D6BD7BD00402C7E /* Build configuration list for PBXNativeTarget "orgaifinanceapp" */ = {
			isa = XCConfigurationList;
			buildConfigurations = (
				203AA8452D6BD7BD00402C7E /* Debug */,
				203AA8462D6BD7BD00402C7E /* Release */,
			);
			defaultConfigurationIsVisible = 0;
			defaultConfigurationName = Release;
		};
		203AA8492D6BD7BD00402C7E /* Build configuration list for PBXNativeTarget "orgaifinanceappTests" */ = {
			isa = XCConfigurationList;
			buildConfigurations = (
				203AA84A2D6BD7BD00402C7E /* Debug */,
				203AA84B2D6BD7BD00402C7E /* Release */,
			);
			defaultConfigurationIsVisible = 0;
			defaultConfigurationName = Release;
		};
		203AA84C2D6BD7BD00402C7E /* Build configuration list for PBXNativeTarget "orgaifinanceappUITests" */ = {
			isa = XCConfigurationList;
			buildConfigurations = (
				203AA84D2D6BD7BD00402C7E /* Debug */,
				203AA84E2D6BD7BD00402C7E /* Release */,
			);
			defaultConfigurationIsVisible = 0;
			defaultConfigurationName = Release;
		};
/* End XCConfigurationList section */
	};
	rootObject = 203AA8152D6BD7BC00402C7E /* Project object */;
}
